
Microsoft Visual Studio Solution File, Format Version 12.00
# Visual Studio Version 17
VisualStudioVersion = 17.6.33723.286
MinimumVisualStudioVersion = 10.0.40219.1
Project("{FAE04EC0-301F-11D3-BF4B-00C04F79EFBC}") = "CISStock", "CISStock\CISStock.csproj", "{6795F185-9FD9-43B9-B83D-926DC3F436E3}"
EndProject
Project("{FAE04EC0-301F-11D3-BF4B-00C04F79EFBC}") = "Host", "Host\Host.csproj", "{42BAE017-A7CA-41B1-AFC0-AE6BEA41A001}"
EndProject
Project("{FAE04EC0-301F-11D3-BF4B-00C04F79EFBC}") = "ClientTest", "ClientTest\ClientTest.csproj", "{2AC3C2CF-DA41-4985-A060-1D1C2EF8AEF0}"
EndProject
Project("{FAE04EC0-301F-11D3-BF4B-00C04F79EFBC}") = "Client", "Client\Client.csproj", "{4BA144C1-3149-47A0-BAAE-E8FD68F59EBE}"
EndProject
Global
	GlobalSection(SolutionConfigurationPlatforms) = preSolution
		Debug|Any CPU = Debug|Any CPU
		Release|Any CPU = Release|Any CPU
	EndGlobalSection
	GlobalSection(ProjectConfigurationPlatforms) = postSolution
		{6795F185-9FD9-43B9-B83D-926DC3F436E3}.Debug|Any CPU.ActiveCfg = Debug|Any CPU
		{6795F185-9FD9-43B9-B83D-926DC3F436E3}.Debug|Any CPU.Build.0 = Debug|Any CPU
		{6795F185-9FD9-43B9-B83D-926DC3F436E3}.Release|Any CPU.ActiveCfg = Release|Any CPU
		{6795F185-9FD9-43B9-B83D-926DC3F436E3}.Release|Any CPU.Build.0 = Release|Any CPU
		{42BAE017-A7CA-41B1-AFC0-AE6BEA41A001}.Debug|Any CPU.ActiveCfg = Debug|Any CPU
		{42BAE017-A7CA-41B1-AFC0-AE6BEA41A001}.Debug|Any CPU.Build.0 = Debug|Any CPU
		{42BAE017-A7CA-41B1-AFC0-AE6BEA41A001}.Release|Any CPU.ActiveCfg = Release|Any CPU
		{42BAE017-A7CA-41B1-AFC0-AE6BEA41A001}.Release|Any CPU.Build.0 = Release|Any CPU
		{2AC3C2CF-DA41-4985-A060-1D1C2EF8AEF0}.Debug|Any CPU.ActiveCfg = Debug|Any CPU
		{2AC3C2CF-DA41-4985-A060-1D1C2EF8AEF0}.Debug|Any CPU.Build.0 = Debug|Any CPU
		{2AC3C2CF-DA41-4985-A060-1D1C2EF8AEF0}.Release|Any CPU.ActiveCfg = Release|Any CPU
		{2AC3C2CF-DA41-4985-A060-1D1C2EF8AEF0}.Release|Any CPU.Build.0 = Release|Any CPU
		{4BA144C1-3149-47A0-BAAE-E8FD68F59EBE}.Debug|Any CPU.ActiveCfg = Debug|Any CPU
		{4BA144C1-3149-47A0-BAAE-E8FD68F59EBE}.Debug|Any CPU.Build.0 = Debug|Any CPU
		{4BA144C1-3149-47A0-BAAE-E8FD68F59EBE}.Release|Any CPU.ActiveCfg = Release|Any CPU
		{4BA144C1-3149-47A0-BAAE-E8FD68F59EBE}.Release|Any CPU.Build.0 = Release|Any CPU
	EndGlobalSection
	GlobalSection(SolutionProperties) = preSolution
		HideSolutionNode = FALSE
	EndGlobalSection
	GlobalSection(ExtensibilityGlobals) = postSolution
		SolutionGuid = {1E8082C1-31B2-4FEF-A3F9-CB3558EFC0C4}
	EndGlobalSection
EndGlobal
